
Microsoft Visual Studio Solution File, Format Version 10.00
# Visual Studio 2008
Project("{FAE04EC0-301F-11D3-BF4B-00C04F79EFBC}") = "Sage.SalesLogix.SData.Client.Test", "SDataIntegration.UnitTest\Sage.SalesLogix.SData.Client.Test.csproj", "{17733684-1880-4F88-8F15-7A4C903EB916}"
EndProject
Project("{FAE04EC0-301F-11D3-BF4B-00C04F79EFBC}") = "Sage.SalesLogix.SData.Client", "SDataIntegration.Client\Sage.SalesLogix.SData.Client.csproj", "{942DBC5A-5FFF-4DEA-94F3-68656275251F}"
EndProject
Global
	GlobalSection(SolutionConfigurationPlatforms) = preSolution
		Debug|Any CPU = Debug|Any CPU
		Release|Any CPU = Release|Any CPU
	EndGlobalSection
	GlobalSection(ProjectConfigurationPlatforms) = postSolution
		{17733684-1880-4F88-8F15-7A4C903EB916}.Debug|Any CPU.ActiveCfg = Debug|Any CPU
		{17733684-1880-4F88-8F15-7A4C903EB916}.Debug|Any CPU.Build.0 = Debug|Any CPU
		{17733684-1880-4F88-8F15-7A4C903EB916}.Release|Any CPU.ActiveCfg = Release|Any CPU
		{17733684-1880-4F88-8F15-7A4C903EB916}.Release|Any CPU.Build.0 = Release|Any CPU
		{942DBC5A-5FFF-4DEA-94F3-68656275251F}.Debug|Any CPU.ActiveCfg = Debug|Any CPU
		{942DBC5A-5FFF-4DEA-94F3-68656275251F}.Debug|Any CPU.Build.0 = Debug|Any CPU
		{942DBC5A-5FFF-4DEA-94F3-68656275251F}.Release|Any CPU.ActiveCfg = Release|Any CPU
		{942DBC5A-5FFF-4DEA-94F3-68656275251F}.Release|Any CPU.Build.0 = Release|Any CPU
	EndGlobalSection
	GlobalSection(SolutionProperties) = preSolution
		HideSolutionNode = FALSE
	EndGlobalSection
EndGlobal
